
Microsoft Visual Studio Solution File, Format Version 12.00
# Visual Studio Version 17
VisualStudioVersion = 17.4.33205.214
MinimumVisualStudioVersion = 10.0.40219.1
Project("{54A90642-561A-4BB1-A94E-469ADEE60C69}") = "reactcomp", "reactcomp\reactcomp.esproj", "{FFD5938E-22D5-4B17-ADA3-203C04C74A5A}"
EndProject
Global
	GlobalSection(SolutionConfigurationPlatforms) = preSolution
		Debug|Any CPU = Debug|Any CPU
		Release|Any CPU = Release|Any CPU
	EndGlobalSection
	GlobalSection(ProjectConfigurationPlatforms) = postSolution
		{FFD5938E-22D5-4B17-ADA3-203C04C74A5A}.Debug|Any CPU.ActiveCfg = Debug|Any CPU
		{FFD5938E-22D5-4B17-ADA3-203C04C74A5A}.Debug|Any CPU.Build.0 = Debug|Any CPU
		{FFD5938E-22D5-4B17-ADA3-203C04C74A5A}.Debug|Any CPU.Deploy.0 = Debug|Any CPU
		{FFD5938E-22D5-4B17-ADA3-203C04C74A5A}.Release|Any CPU.ActiveCfg = Release|Any CPU
		{FFD5938E-22D5-4B17-ADA3-203C04C74A5A}.Release|Any CPU.Build.0 = Release|Any CPU
		{FFD5938E-22D5-4B17-ADA3-203C04C74A5A}.Release|Any CPU.Deploy.0 = Release|Any CPU
	EndGlobalSection
	GlobalSection(SolutionProperties) = preSolution
		HideSolutionNode = FALSE
	EndGlobalSection
	GlobalSection(ExtensibilityGlobals) = postSolution
		SolutionGuid = {1A111884-F5EB-4D62-BFFB-94D293A757FB}
	EndGlobalSection
EndGlobal
